<Solution>
  <Folder Name="/sln/">
    <File Path="README.md" />
  </Folder>
  <Folder Name="/src/">
    <Project Path="src/DevDash/DevDash.csproj" />
  </Folder>
  <Folder Name="/demo/">
    <File Path="demo/compose.yaml" />
    <Project Path="demo/My.ConsoleApp/My.ConsoleApp.csproj" />
    <Project Path="demo/My.DevDash/My.DevDash.csproj" />
    <Project Path="demo/My.WebApi/My.WebApi.csproj" />
  </Folder>
</Solution>
